// !$*UTF8*$!
{
	archiveVersion = 1;
	classes = {
	};
	objectVersion = 46;
	objects = {

/* Begin PBXBuildFile section */
		2AE2D5BC1D868AB700143F9B /* main.m in Sources */ = {isa = PBXBuildFile; fileRef = 2AE2D5BB1D868AB700143F9B /* main.m */; };
		2AE2D5BF1D868AB700143F9B /* AppDelegate.m in Sources */ = {isa = PBXBuildFile; fileRef = 2AE2D5BE1D868AB700143F9B /* AppDelegate.m */; };
		2AE2D5C21D868AB700143F9B /* ViewController.m in Sources */ = {isa = PBXBuildFile; fileRef = 2AE2D5C11D868AB700143F9B /* ViewController.m */; };
		2AE2D5C51D868AB700143F9B /* Main.storyboard in Resources */ = {isa = PBXBuildFile; fileRef = 2AE2D5C31D868AB700143F9B /* Main.storyboard */; };
		2AE2D5C71D868AB700143F9B /* Assets.xcassets in Resources */ = {isa = PBXBuildFile; fileRef = 2AE2D5C61D868AB700143F9B /* Assets.xcassets */; };
		2AE2D5CA1D868AB700143F9B /* LaunchScreen.storyboard in Resources */ = {isa = PBXBuildFile; fileRef = 2AE2D5C81D868AB700143F9B /* LaunchScreen.storyboard */; };
		2AE2D5D41D86AE6500143F9B /* Reachability.m in Sources */ = {isa = PBXBuildFile; fileRef = 2AE2D5D31D86AE6500143F9B /* Reachability.m */; };
		2AE2D5DB1D86BF7800143F9B /* OFForecast.m in Sources */ = {isa = PBXBuildFile; fileRef = 2AE2D5DA1D86BF7800143F9B /* OFForecast.m */; };
		39DC592A5CF1ADA8E532E424 /* libPods-OpenForecast.a in Frameworks */ = {isa = PBXBuildFile; fileRef = C499F70602390338420626ED /* libPods-OpenForecast.a */; };
/* End PBXBuildFile section */

/* Begin PBXFileReference section */
		2AE2D5B71D868AB700143F9B /* OpenForecast.app */ = {isa = PBXFileReference; explicitFileType = wrapper.application; includeInIndex = 0; path = OpenForecast.app; sourceTree = BUILT_PRODUCTS_DIR; };
		2AE2D5BB1D868AB700143F9B /* main.m */ = {isa = PBXFileReference; lastKnownFileType = sourcecode.c.objc; path = main.m; sourceTree = "<group>"; };
		2AE2D5BD1D868AB700143F9B /* AppDelegate.h */ = {isa = PBXFileReference; lastKnownFileType = sourcecode.c.h; path = AppDelegate.h; sourceTree = "<group>"; };
		2AE2D5BE1D868AB700143F9B /* AppDelegate.m */ = {isa = PBXFileReference; lastKnownFileType = sourcecode.c.objc; path = AppDelegate.m; sourceTree = "<group>"; };
		2AE2D5C01D868AB700143F9B /* ViewController.h */ = {isa = PBXFileReference; lastKnownFileType = sourcecode.c.h; path = ViewController.h; sourceTree = "<group>"; };
		2AE2D5C11D868AB700143F9B /* ViewController.m */ = {isa = PBXFileReference; lastKnownFileType = sourcecode.c.objc; path = ViewController.m; sourceTree = "<group>"; };
		2AE2D5C41D868AB700143F9B /* Base */ = {isa = PBXFileReference; lastKnownFileType = file.storyboard; name = Base; path = Base.lproj/Main.storyboard; sourceTree = "<group>"; };
		2AE2D5C61D868AB700143F9B /* Assets.xcassets */ = {isa = PBXFileReference; lastKnownFileType = folder.assetcatalog; path = Assets.xcassets; sourceTree = "<group>"; };
		2AE2D5C91D868AB700143F9B /* Base */ = {isa = PBXFileReference; lastKnownFileType = file.storyboard; name = Base; path = Base.lproj/LaunchScreen.storyboard; sourceTree = "<group>"; };
		2AE2D5CB1D868AB700143F9B /* Info.plist */ = {isa = PBXFileReference; lastKnownFileType = text.plist.xml; path = Info.plist; sourceTree = "<group>"; };
		2AE2D5D21D86AE6500143F9B /* Reachability.h */ = {isa = PBXFileReference; fileEncoding = 4; lastKnownFileType = sourcecode.c.h; path = Reachability.h; sourceTree = "<group>"; };
		2AE2D5D31D86AE6500143F9B /* Reachability.m */ = {isa = PBXFileReference; fileEncoding = 4; lastKnownFileType = sourcecode.c.objc; path = Reachability.m; sourceTree = "<group>"; };
		2AE2D5D91D86BF7800143F9B /* OFForecast.h */ = {isa = PBXFileReference; fileEncoding = 4; lastKnownFileType = sourcecode.c.h; path = OFForecast.h; sourceTree = "<group>"; };
		2AE2D5DA1D86BF7800143F9B /* OFForecast.m */ = {isa = PBXFileReference; fileEncoding = 4; lastKnownFileType = sourcecode.c.objc; path = OFForecast.m; sourceTree = "<group>"; };
		3657AB663031762835FD7968 /* Pods-OpenForecast.debug.xcconfig */ = {isa = PBXFileReference; includeInIndex = 1; lastKnownFileType = text.xcconfig; name = "Pods-OpenForecast.debug.xcconfig"; path = "Pods/Target Support Files/Pods-OpenForecast/Pods-OpenForecast.debug.xcconfig"; sourceTree = "<group>"; };
		B51EDEBA8758E9241B62F175 /* Pods-OpenForecast.release.xcconfig */ = {isa = PBXFileReference; includeInIndex = 1; lastKnownFileType = text.xcconfig; name = "Pods-OpenForecast.release.xcconfig"; path = "Pods/Target Support Files/Pods-OpenForecast/Pods-OpenForecast.release.xcconfig"; sourceTree = "<group>"; };
		C499F70602390338420626ED /* libPods-OpenForecast.a */ = {isa = PBXFileReference; explicitFileType = archive.ar; includeInIndex = 0; path = "libPods-OpenForecast.a"; sourceTree = BUILT_PRODUCTS_DIR; };
/* End PBXFileReference section */

/* Begin PBXFrameworksBuildPhase section */
		2AE2D5B41D868AB700143F9B /* Frameworks */ = {
			isa = PBXFrameworksBuildPhase;
			buildActionMask = 2147483647;
			files = (
				39DC592A5CF1ADA8E532E424 /* libPods-OpenForecast.a in Frameworks */,
			);
			runOnlyForDeploymentPostprocessing = 0;
		};
/* End PBXFrameworksBuildPhase section */

/* Begin PBXGroup section */
		0448543390F7F15674CBB4CB /* Frameworks */ = {
			isa = PBXGroup;
			children = (
				C499F70602390338420626ED /* libPods-OpenForecast.a */,
			);
			name = Frameworks;
			sourceTree = "<group>";
		};
		2AE2D5AE1D868AB700143F9B = {
			isa = PBXGroup;
			children = (
				2AE2D5B91D868AB700143F9B /* OpenForecast */,
				2AE2D5B81D868AB700143F9B /* Products */,
				5564E3103FDEA6676143937B /* Pods */,
				0448543390F7F15674CBB4CB /* Frameworks */,
			);
			sourceTree = "<group>";
		};
		2AE2D5B81D868AB700143F9B /* Products */ = {
			isa = PBXGroup;
			children = (
				2AE2D5B71D868AB700143F9B /* OpenForecast.app */,
			);
			name = Products;
			sourceTree = "<group>";
		};
		2AE2D5B91D868AB700143F9B /* OpenForecast */ = {
			isa = PBXGroup;
			children = (
				2AE2D5D51D86BF3300143F9B /* Model */,
				2AE2D5D11D86AE6500143F9B /* Libraries */,
				2AE2D5BD1D868AB700143F9B /* AppDelegate.h */,
				2AE2D5BE1D868AB700143F9B /* AppDelegate.m */,
				2AE2D5C01D868AB700143F9B /* ViewController.h */,
				2AE2D5C11D868AB700143F9B /* ViewController.m */,
				2AE2D5C31D868AB700143F9B /* Main.storyboard */,
				2AE2D5C61D868AB700143F9B /* Assets.xcassets */,
				2AE2D5C81D868AB700143F9B /* LaunchScreen.storyboard */,
				2AE2D5CB1D868AB700143F9B /* Info.plist */,
				2AE2D5BA1D868AB700143F9B /* Supporting Files */,
			);
			path = OpenForecast;
			sourceTree = "<group>";
		};
		2AE2D5BA1D868AB700143F9B /* Supporting Files */ = {
			isa = PBXGroup;
			children = (
				2AE2D5BB1D868AB700143F9B /* main.m */,
			);
			name = "Supporting Files";
			sourceTree = "<group>";
		};
		2AE2D5D11D86AE6500143F9B /* Libraries */ = {
			isa = PBXGroup;
			children = (
				2AE2D5D21D86AE6500143F9B /* Reachability.h */,
				2AE2D5D31D86AE6500143F9B /* Reachability.m */,
			);
			path = Libraries;
			sourceTree = "<group>";
		};
		2AE2D5D51D86BF3300143F9B /* Model */ = {
			isa = PBXGroup;
			children = (
				2AE2D5D91D86BF7800143F9B /* OFForecast.h */,
				2AE2D5DA1D86BF7800143F9B /* OFForecast.m */,
			);
			path = Model;
			sourceTree = "<group>";
		};
		5564E3103FDEA6676143937B /* Pods */ = {
			isa = PBXGroup;
			children = (
				3657AB663031762835FD7968 /* Pods-OpenForecast.debug.xcconfig */,
				B51EDEBA8758E9241B62F175 /* Pods-OpenForecast.release.xcconfig */,
			);
			name = Pods;
			sourceTree = "<group>";
		};
/* End PBXGroup section */

/* Begin PBXNativeTarget section */
		2AE2D5B61D868AB700143F9B /* OpenForecast */ = {
			isa = PBXNativeTarget;
			buildConfigurationList = 2AE2D5CE1D868AB700143F9B /* Build configuration list for PBXNativeTarget "OpenForecast" */;
			buildPhases = (
				776C32A1681DA4E6B75CB85B /* [CP] Check Pods Manifest.lock */,
				2AE2D5B31D868AB700143F9B /* Sources */,
				2AE2D5B41D868AB700143F9B /* Frameworks */,
				2AE2D5B51D868AB700143F9B /* Resources */,
				53F3DAC8ED1B1D3308979A0A /* [CP] Embed Pods Frameworks */,
				C5C028053C935A16CC9EC168 /* [CP] Copy Pods Resources */,
			);
			buildRules = (
			);
			dependencies = (
			);
			name = OpenForecast;
			productName = OpenForecast;
			productReference = 2AE2D5B71D868AB700143F9B /* OpenForecast.app */;
			productType = "com.apple.product-type.application";
		};
/* End PBXNativeTarget section */

/* Begin PBXProject section */
		2AE2D5AF1D868AB700143F9B /* Project object */ = {
			isa = PBXProject;
			attributes = {
				LastUpgradeCheck = 0730;
				ORGANIZATIONNAME = forecaster;
				TargetAttributes = {
					2AE2D5B61D868AB700143F9B = {
						CreatedOnToolsVersion = 7.3.1;
					};
				};
			};
			buildConfigurationList = 2AE2D5B21D868AB700143F9B /* Build configuration list for PBXProject "OpenForecast" */;
			compatibilityVersion = "Xcode 3.2";
			developmentRegion = English;
			hasScannedForEncodings = 0;
			knownRegions = (
				en,
				Base,
			);
			mainGroup = 2AE2D5AE1D868AB700143F9B;
			productRefGroup = 2AE2D5B81D868AB700143F9B /* Products */;
			projectDirPath = "";
			projectRoot = "";
			targets = (
				2AE2D5B61D868AB700143F9B /* OpenForecast */,
			);
		};
/* End PBXProject section */

/* Begin PBXResourcesBuildPhase section */
		2AE2D5B51D868AB700143F9B /* Resources */ = {
			isa = PBXResourcesBuildPhase;
			buildActionMask = 2147483647;
			files = (
				2AE2D5CA1D868AB700143F9B /* LaunchScreen.storyboard in Resources */,
				2AE2D5C71D868AB700143F9B /* Assets.xcassets in Resources */,
				2AE2D5C51D868AB700143F9B /* Main.storyboard in Resources */,
			);
			runOnlyForDeploymentPostprocessing = 0;
		};
/* End PBXResourcesBuildPhase section */

/* Begin PBXShellScriptBuildPhase section */
		53F3DAC8ED1B1D3308979A0A /* [CP] Embed Pods Frameworks */ = {
			isa = PBXShellScriptBuildPhase;
			buildActionMask = 2147483647;
			files = (
			);
			inputPaths = (
			);
			name = "[CP] Embed Pods Frameworks";
			outputPaths = (
			);
			runOnlyForDeploymentPostprocessing = 0;
			shellPath = /bin/sh;
			shellScript = "\"${SRCROOT}/Pods/Target Support Files/Pods-OpenForecast/Pods-OpenForecast-frameworks.sh\"\n";
			showEnvVarsInLog = 0;
		};
		776C32A1681DA4E6B75CB85B /* [CP] Check Pods Manifest.lock */ = {
			isa = PBXShellScriptBuildPhase;
			buildActionMask = 2147483647;
			files = (
			);
			inputPaths = (
			);
			name = "[CP] Check Pods Manifest.lock";
			outputPaths = (
			);
			runOnlyForDeploymentPostprocessing = 0;
			shellPath = /bin/sh;
			shellScript = "diff \"${PODS_ROOT}/../Podfile.lock\" \"${PODS_ROOT}/Manifest.lock\" > /dev/null\nif [[ $? != 0 ]] ; then\n    cat << EOM\nerror: The sandbox is not in sync with the Podfile.lock. Run 'pod install' or update your CocoaPods installation.\nEOM\n    exit 1\nfi\n";
			showEnvVarsInLog = 0;
		};
		C5C028053C935A16CC9EC168 /* [CP] Copy Pods Resources */ = {
			isa = PBXShellScriptBuildPhase;
			buildActionMask = 2147483647;
			files = (
			);
			inputPaths = (
			);
			name = "[CP] Copy Pods Resources";
			outputPaths = (
			);
			runOnlyForDeploymentPostprocessing = 0;
			shellPath = /bin/sh;
			shellScript = "\"${SRCROOT}/Pods/Target Support Files/Pods-OpenForecast/Pods-OpenForecast-resources.sh\"\n";
			showEnvVarsInLog = 0;
		};
/* End PBXShellScriptBuildPhase section */

/* Begin PBXSourcesBuildPhase section */
		2AE2D5B31D868AB700143F9B /* Sources */ = {
			isa = PBXSourcesBuildPhase;
			buildActionMask = 2147483647;
			files = (
				2AE2D5C21D868AB700143F9B /* ViewController.m in Sources */,
				2AE2D5BF1D868AB700143F9B /* AppDelegate.m in Sources */,
				2AE2D5DB1D86BF7800143F9B /* OFForecast.m in Sources */,
				2AE2D5D41D86AE6500143F9B /* Reachability.m in Sources */,
				2AE2D5BC1D868AB700143F9B /* main.m in Sources */,
			);
			runOnlyForDeploymentPostprocessing = 0;
		};
/* End PBXSourcesBuildPhase section */

/* Begin PBXVariantGroup section */
		2AE2D5C31D868AB700143F9B /* Main.storyboard */ = {
			isa = PBXVariantGroup;
			children = (
				2AE2D5C41D868AB700143F9B /* Base */,
			);
			name = Main.storyboard;
			sourceTree = "<group>";
		};
		2AE2D5C81D868AB700143F9B /* LaunchScreen.storyboard */ = {
			isa = PBXVariantGroup;
			children = (
				2AE2D5C91D868AB700143F9B /* Base */,
			);
			name = LaunchScreen.storyboard;
			sourceTree = "<group>";
		};
/* End PBXVariantGroup section */

/* Begin XCBuildConfiguration section */
		2AE2D5CC1D868AB700143F9B /* Debug */ = {
			isa = XCBuildConfiguration;
			buildSettings = {
				ALWAYS_SEARCH_USER_PATHS = NO;
				CLANG_ANALYZER_NONNULL = YES;
				CLANG_CXX_LANGUAGE_STANDARD = "gnu++0x";
				CLANG_CXX_LIBRARY = "libc++";
				CLANG_ENABLE_MODULES = YES;
				CLANG_ENABLE_OBJC_ARC = YES;
				CLANG_WARN_BOOL_CONVERSION = YES;
				CLANG_WARN_CONSTANT_CONVERSION = YES;
				CLANG_WARN_DIRECT_OBJC_ISA_USAGE = YES_ERROR;
				CLANG_WARN_EMPTY_BODY = YES;
				CLANG_WARN_ENUM_CONVERSION = YES;
				CLANG_WARN_INT_CONVERSION = YES;
				CLANG_WARN_OBJC_ROOT_CLASS = YES_ERROR;
				CLANG_WARN_UNREACHABLE_CODE = YES;
				CLANG_WARN__DUPLICATE_METHOD_MATCH = YES;
				"CODE_SIGN_IDENTITY[sdk=iphoneos*]" = "iPhone Developer";
				COPY_PHASE_STRIP = NO;
				DEBUG_INFORMATION_FORMAT = dwarf;
				ENABLE_STRICT_OBJC_MSGSEND = YES;
				ENABLE_TESTABILITY = YES;
				GCC_C_LANGUAGE_STANDARD = gnu99;
				GCC_DYNAMIC_NO_PIC = NO;
				GCC_NO_COMMON_BLOCKS = YES;
				GCC_OPTIMIZATION_LEVEL = 0;
				GCC_PREPROCESSOR_DEFINITIONS = (
					"DEBUG=1",
					"$(inherited)",
				);
				GCC_WARN_64_TO_32_BIT_CONVERSION = YES;
				GCC_WARN_ABOUT_RETURN_TYPE = YES_ERROR;
				GCC_WARN_UNDECLARED_SELECTOR = YES;
				GCC_WARN_UNINITIALIZED_AUTOS = YES_AGGRESSIVE;
				GCC_WARN_UNUSED_FUNCTION = YES;
				GCC_WARN_UNUSED_VARIABLE = YES;
				IPHONEOS_DEPLOYMENT_TARGET = 9.3;
				MTL_ENABLE_DEBUG_INFO = YES;
				ONLY_ACTIVE_ARCH = YES;
				SDKROOT = iphoneos;
				TARGETED_DEVICE_FAMILY = "1,2";
			};
			name = Debug;
		};
		2AE2D5CD1D868AB700143F9B /* Release */ = {
			isa = XCBuildConfiguration;
			buildSettings = {
				ALWAYS_SEARCH_USER_PATHS = NO;
				CLANG_ANALYZER_NONNULL = YES;
				CLANG_CXX_LANGUAGE_STANDARD = "gnu++0x";
				CLANG_CXX_LIBRARY = "libc++";
				CLANG_ENABLE_MODULES = YES;
				CLANG_ENABLE_OBJC_ARC = YES;
				CLANG_WARN_BOOL_CONVERSION = YES;
				CLANG_WARN_CONSTANT_CONVERSION = YES;
				CLANG_WARN_DIRECT_OBJC_ISA_USAGE = YES_ERROR;
				CLANG_WARN_EMPTY_BODY = YES;
				CLANG_WARN_ENUM_CONVERSION = YES;
				CLANG_WARN_INT_CONVERSION = YES;
				CLANG_WARN_OBJC_ROOT_CLASS = YES_ERROR;
				CLANG_WARN_UNREACHABLE_CODE = YES;
				CLANG_WARN__DUPLICATE_METHOD_MATCH = YES;
				"CODE_SIGN_IDENTITY[sdk=iphoneos*]" = "iPhone Developer";
				COPY_PHASE_STRIP = NO;
				DEBUG_INFORMATION_FORMAT = "dwarf-with-dsym";
				ENABLE_NS_ASSERTIONS = NO;
				ENABLE_STRICT_OBJC_MSGSEND = YES;
				GCC_C_LANGUAGE_STANDARD = gnu99;
				GCC_NO_COMMON_BLOCKS = YES;
				GCC_WARN_64_TO_32_BIT_CONVERSION = YES;
				GCC_WARN_ABOUT_RETURN_TYPE = YES_ERROR;
				GCC_WARN_UNDECLARED_SELECTOR = YES;
				GCC_WARN_UNINITIALIZED_AUTOS = YES_AGGRESSIVE;
				GCC_WARN_UNUSED_FUNCTION = YES;
				GCC_WARN_UNUSED_VARIABLE = YES;
				IPHONEOS_DEPLOYMENT_TARGET = 9.3;
				MTL_ENABLE_DEBUG_INFO = NO;
				SDKROOT = iphoneos;
				TARGETED_DEVICE_FAMILY = "1,2";
				VALIDATE_PRODUCT = YES;
			};
			name = Release;
		};
		2AE2D5CF1D868AB700143F9B /* Debug */ = {
			isa = XCBuildConfiguration;
			baseConfigurationReference = 3657AB663031762835FD7968 /* Pods-OpenForecast.debug.xcconfig */;
			buildSettings = {
				ASSETCATALOG_COMPILER_APPICON_NAME = AppIcon;
				INFOPLIST_FILE = OpenForecast/Info.plist;
				LD_RUNPATH_SEARCH_PATHS = "$(inherited) @executable_path/Frameworks";
				PRODUCT_BUNDLE_IDENTIFIER = com.pornhub.OpenForecast;
				PRODUCT_NAME = "$(TARGET_NAME)";
			};
			name = Debug;
		};
		2AE2D5D01D868AB700143F9B /* Release */ = {
			isa = XCBuildConfiguration;
			baseConfigurationReference = B51EDEBA8758E9241B62F175 /* Pods-OpenForecast.release.xcconfig */;
			buildSettings = {
				ASSETCATALOG_COMPILER_APPICON_NAME = AppIcon;
				INFOPLIST_FILE = OpenForecast/Info.plist;
				LD_RUNPATH_SEARCH_PATHS = "$(inherited) @executable_path/Frameworks";
				PRODUCT_BUNDLE_IDENTIFIER = com.pornhub.OpenForecast;
				PRODUCT_NAME = "$(TARGET_NAME)";
			};
			name = Release;
		};
/* End XCBuildConfiguration section */

/* Begin XCConfigurationList section */
		2AE2D5B21D868AB700143F9B /* Build configuration list for PBXProject "OpenForecast" */ = {
			isa = XCConfigurationList;
			buildConfigurations = (
				2AE2D5CC1D868AB700143F9B /* Debug */,
				2AE2D5CD1D868AB700143F9B /* Release */,
			);
			defaultConfigurationIsVisible = 0;
			defaultConfigurationName = Release;
		};
		2AE2D5CE1D868AB700143F9B /* Build configuration list for PBXNativeTarget "OpenForecast" */ = {
			isa = XCConfigurationList;
			buildConfigurations = (
				2AE2D5CF1D868AB700143F9B /* Debug */,
				2AE2D5D01D868AB700143F9B /* Release */,
			);
			defaultConfigurationIsVisible = 0;
			defaultConfigurationName = Release;
		};
/* End XCConfigurationList section */
	};
	rootObject = 2AE2D5AF1D868AB700143F9B /* Project object */;
}
